
Microsoft Visual Studio Solution File, Format Version 12.00
# Visual Studio Version 17
VisualStudioVersion = 17.7.34202.233
MinimumVisualStudioVersion = 10.0.40219.1
Project("{FAE04EC0-301F-11D3-BF4B-00C04F79EFBC}") = "IdentityApp", "IdentityApp\IdentityApp.csproj", "{B57E4CFA-8BA0-4286-891C-B59929D7D2A6}"
EndProject
Global
	GlobalSection(SolutionConfigurationPlatforms) = preSolution
		Debug|Any CPU = Debug|Any CPU
		Release|Any CPU = Release|Any CPU
	EndGlobalSection
	GlobalSection(ProjectConfigurationPlatforms) = postSolution
		{B57E4CFA-8BA0-4286-891C-B59929D7D2A6}.Debug|Any CPU.ActiveCfg = Debug|Any CPU
		{B57E4CFA-8BA0-4286-891C-B59929D7D2A6}.Debug|Any CPU.Build.0 = Debug|Any CPU
		{B57E4CFA-8BA0-4286-891C-B59929D7D2A6}.Release|Any CPU.ActiveCfg = Release|Any CPU
		{B57E4CFA-8BA0-4286-891C-B59929D7D2A6}.Release|Any CPU.Build.0 = Release|Any CPU
	EndGlobalSection
	GlobalSection(SolutionProperties) = preSolution
		HideSolutionNode = FALSE
	EndGlobalSection
	GlobalSection(ExtensibilityGlobals) = postSolution
		SolutionGuid = {631D11FB-0FB4-4BBE-934F-11B0DB580B35}
	EndGlobalSection
EndGlobal
